github.com/TarsCloud/TarsGo v0.0.0-20181117101853-df0f3ee846b3 h1:l352SkBJ9PfeR/k3zU0k8P80do+z5nm+inglgCo+12U=
github.com/TarsCloud/TarsGo v0.0.0-20181117101853-df0f3ee846b3/go.mod h1:ybmr1NnX41dauJftSX4BwnVAoA0UpE4PeyjMpPKIdzY=
github.com/donnie4w/go-logger v0.0.0-20170827050443-4740c51383f4 h1:T9PR91sjTtrA1HmZB4G+M7OLCelch0f6rIEY7Mm1T4U=
github.com/donnie4w/go-logger v0.0.0-20170827050443-4740c51383f4/go.mod h1:L7S4x0R7vv3xoOhGuyAJyCO2MYzWOpccM4Isn8jIUgY=
github.com/golang/protobuf v1.2.0 h1:P3YflyNX/ehuJFLhxviNdFxQPkGK5cDcApsge1SqnvM=
github.com/golang/protobuf v1.2.0/go.mod h1:6lQm79b+lXiMfvg/cZm0SGofjICqVBUtrP5yJMmIC1U=
github.com/kr/pretty v0.1.0 h1:L/CwN0zerZDmRFUapSPitk6f+Q3+0za1rQkzVuMiMFI=
github.com/kr/pretty v0.1.0/go.mod h1:dAy3ld7l9f0ibDNOQOHHMYYIIbhfbHSm3C4ZsoJORNo=
github.com/kr/pty v1.1.1/go.mod h1:pFQYn66WHrOpPYNljwOMqo10TkYh1fy3cYio2l3bCsQ=
github.com/kr/text v0.1.0 h1:45sCR5RtlFHMR4UwH9sdQ5TC8v0qDQCHnXt+kaKSTVE=
github.com/kr/text v0.1.0/go.mod h1:4Jbv+DJW3UT/LiOwJeYQe1efqtUx/iVham/4vfdArNI=
gopkg.in/check.v1 v0.0.0-20161208181325-20d25e280405/go.mod h1:Co6ibVJAznAaIkqp8huTwlJQCZ016jof/cbN4VW5Yz0=
gopkg.in/check.v1 v1.0.0-20180628173108-788fd7840127 h1:qIbj1fsPNlZgppZ+VLlY7N33q108Sa+fhmuc+sWQYwY=
gopkg.in/check.v1 v1.0.0-20180628173108-788fd7840127/go.mod h1:Co6ibVJAznAaIkqp8huTwlJQCZ016jof/cbN4VW5Yz0=
gopkg.in/eapache/queue.v1 v1.1.0 h1:EldqoJEGtXYiVCMRo2C9mePO2UUGnYn2+qLmlQSqPdc=
gopkg.in/eapache/queue.v1 v1.1.0/go.mod h1:wNtmx1/O7kZSR9zNT1TTOJ7GLpm3Vn7srzlfylFbQwU=
gopkg.in/mgo.v2 v2.0.0-20180705113604-9856a29383ce h1:xcEWjVhvbDy+nHP67nPDDpbYrY+ILlfndk4bRioVHaU=
gopkg.in/mgo.v2 v2.0.0-20180705113604-9856a29383ce/go.mod h1:yeKp02qBN3iKW1OzL3MGk2IdtZzaj7SFntXj72NppTA=
gopkg.in/yaml.v2 v2.2.1 h1:mUhvW9EsL+naU5Q3cakzfE91YhliOondGd6ZrsDBHQE=
gopkg.in/yaml.v2 v2.2.1/go.mod h1:hI93XBmqTisBFMUTm0b8Fm+jr3Dg1NNxqwp+5A1VGuI=
